Microsoft Visual Studio Solution File, Format Version 12.00
# Visual Studio Version 17
VisualStudioVersion = 17.5.2.0
MinimumVisualStudioVersion = 10.0.40219.1
Project("{FAE04EC0-301F-11D3-BF4B-00C04F79EFBC}") = "LiteQMS", "LiteQMS.csproj", "{AD78BB5C-28BE-F5F3-81DA-D88AAD598A9E}"
EndProject
Global
	GlobalSection(SolutionConfigurationPlatforms) = preSolution
		Debug|Any CPU = Debug|Any CPU
		Release|Any CPU = Release|Any CPU
	EndGlobalSection
	GlobalSection(ProjectConfigurationPlatforms) = postSolution
		{AD78BB5C-28BE-F5F3-81DA-D88AAD598A9E}.Debug|Any CPU.ActiveCfg = Debug|Any CPU
		{AD78BB5C-28BE-F5F3-81DA-D88AAD598A9E}.Debug|Any CPU.Build.0 = Debug|Any CPU
		{AD78BB5C-28BE-F5F3-81DA-D88AAD598A9E}.Release|Any CPU.ActiveCfg = Release|Any CPU
		{AD78BB5C-28BE-F5F3-81DA-D88AAD598A9E}.Release|Any CPU.Build.0 = Release|Any CPU
	EndGlobalSection
	GlobalSection(SolutionProperties) = preSolution
		HideSolutionNode = FALSE
	EndGlobalSection
	GlobalSection(ExtensibilityGlobals) = postSolution
		SolutionGuid = {CB9A9F92-A02C-455B-BC40-33DCE53F6BDA}
	EndGlobalSection
EndGlobal
